
Microsoft Visual Studio Solution File, Format Version 12.00
# Visual Studio Version 16
VisualStudioVersion = 16.0.31727.386
MinimumVisualStudioVersion = 10.0.40219.1
Project("{9A19103F-16F7-4668-BE54-9A1E7A4F7556}") = "Targil0", "Targil0\Targil0.csproj", "{E28FAD45-3EA8-4815-BAB5-46B0C3DEA7E7}"
EndProject
Project("{9A19103F-16F7-4668-BE54-9A1E7A4F7556}") = "ConsoleUI", "ConsoleUI\ConsoleUI.csproj", "{37AEF9E7-9B62-46A5-A7F5-840F86703E86}"
EndProject
Project("{9A19103F-16F7-4668-BE54-9A1E7A4F7556}") = "DAL", "DAL\DAL.csproj", "{01B779C5-62D9-4619-B832-4DE5953BD7EE}"
EndProject
Project("{2150E333-8FDC-42A3-9474-1A3956D46DE8}") = "Solution Items", "Solution Items", "{411DEAD2-DBA0-44FB-BC43-7F24F9FA2586}"
	ProjectSection(SolutionItems) = preProject
		README.md = README.md
	EndProjectSection
EndProject
Project("{9A19103F-16F7-4668-BE54-9A1E7A4F7556}") = "BL", "BL\BL.csproj", "{55E7F1CC-CD51-4C83-B2DB-15A928245D38}"
EndProject
Project("{9A19103F-16F7-4668-BE54-9A1E7A4F7556}") = "ConsoleUI_BL", "ConsoleUI_BL\ConsoleUI_BL.csproj", "{462CA6CE-9679-400C-8A7E-4E87620F0B7A}"
EndProject
Project("{FAE04EC0-301F-11D3-BF4B-00C04F79EFBC}") = "Tools", "Tools\Tools.csproj", "{7C92F7E3-1A6D-4315-8014-13A0908C49E2}"
EndProject
Global
	GlobalSection(SolutionConfigurationPlatforms) = preSolution
		Debug|Any CPU = Debug|Any CPU
		Release|Any CPU = Release|Any CPU
	EndGlobalSection
	GlobalSection(ProjectConfigurationPlatforms) = postSolution
		{E28FAD45-3EA8-4815-BAB5-46B0C3DEA7E7}.Debug|Any CPU.ActiveCfg = Debug|Any CPU
		{E28FAD45-3EA8-4815-BAB5-46B0C3DEA7E7}.Debug|Any CPU.Build.0 = Debug|Any CPU
		{E28FAD45-3EA8-4815-BAB5-46B0C3DEA7E7}.Release|Any CPU.ActiveCfg = Release|Any CPU
		{E28FAD45-3EA8-4815-BAB5-46B0C3DEA7E7}.Release|Any CPU.Build.0 = Release|Any CPU
		{37AEF9E7-9B62-46A5-A7F5-840F86703E86}.Debug|Any CPU.ActiveCfg = Debug|Any CPU
		{37AEF9E7-9B62-46A5-A7F5-840F86703E86}.Debug|Any CPU.Build.0 = Debug|Any CPU
		{37AEF9E7-9B62-46A5-A7F5-840F86703E86}.Release|Any CPU.ActiveCfg = Release|Any CPU
		{37AEF9E7-9B62-46A5-A7F5-840F86703E86}.Release|Any CPU.Build.0 = Release|Any CPU
		{01B779C5-62D9-4619-B832-4DE5953BD7EE}.Debug|Any CPU.ActiveCfg = Debug|Any CPU
		{01B779C5-62D9-4619-B832-4DE5953BD7EE}.Debug|Any CPU.Build.0 = Debug|Any CPU
		{01B779C5-62D9-4619-B832-4DE5953BD7EE}.Release|Any CPU.ActiveCfg = Release|Any CPU
		{01B779C5-62D9-4619-B832-4DE5953BD7EE}.Release|Any CPU.Build.0 = Release|Any CPU
		{55E7F1CC-CD51-4C83-B2DB-15A928245D38}.Debug|Any CPU.ActiveCfg = Debug|Any CPU
		{55E7F1CC-CD51-4C83-B2DB-15A928245D38}.Debug|Any CPU.Build.0 = Debug|Any CPU
		{55E7F1CC-CD51-4C83-B2DB-15A928245D38}.Release|Any CPU.ActiveCfg = Release|Any CPU
		{55E7F1CC-CD51-4C83-B2DB-15A928245D38}.Release|Any CPU.Build.0 = Release|Any CPU
		{462CA6CE-9679-400C-8A7E-4E87620F0B7A}.Debug|Any CPU.ActiveCfg = Debug|Any CPU
		{462CA6CE-9679-400C-8A7E-4E87620F0B7A}.Debug|Any CPU.Build.0 = Debug|Any CPU
		{462CA6CE-9679-400C-8A7E-4E87620F0B7A}.Release|Any CPU.ActiveCfg = Release|Any CPU
		{462CA6CE-9679-400C-8A7E-4E87620F0B7A}.Release|Any CPU.Build.0 = Release|Any CPU
		{7C92F7E3-1A6D-4315-8014-13A0908C49E2}.Debug|Any CPU.ActiveCfg = Debug|Any CPU
		{7C92F7E3-1A6D-4315-8014-13A0908C49E2}.Debug|Any CPU.Build.0 = Debug|Any CPU
		{7C92F7E3-1A6D-4315-8014-13A0908C49E2}.Release|Any CPU.ActiveCfg = Release|Any CPU
		{7C92F7E3-1A6D-4315-8014-13A0908C49E2}.Release|Any CPU.Build.0 = Release|Any CPU
	EndGlobalSection
	GlobalSection(SolutionProperties) = preSolution
		HideSolutionNode = FALSE
	EndGlobalSection
	GlobalSection(ExtensibilityGlobals) = postSolution
		SolutionGuid = {422F345F-CC09-4498-BCFD-3392E51631A9}
	EndGlobalSection
EndGlobal
